// !$*UTF8*$!
{
	archiveVersion = 1;
	classes = {
	};
	objectVersion = 51;
	objects = {

/* Begin PBXBuildFile section */
		20B3F2DAF2C094889F8B5B57 /* Pods_Reporters.framework in Frameworks */ = {isa = PBXBuildFile; fileRef = 257719D2283C7AC5460378A9 /* Pods_Reporters.framework */; };
		F30AC602242EBE2E00CEA545 /* UIViewExtension.swift in Sources */ = {isa = PBXBuildFile; fileRef = F30AC601242EBE2E00CEA545 /* UIViewExtension.swift */; };
		F30AC60424300DC900CEA545 /* Flags.xcassets in Resources */ = {isa = PBXBuildFile; fileRef = F30AC60324300DC800CEA545 /* Flags.xcassets */; };
		F30AC6072430F11900CEA545 /* CountriesList.swift in Sources */ = {isa = PBXBuildFile; fileRef = F30AC6062430F11900CEA545 /* CountriesList.swift */; };
		F30AC60A2430F1AD00CEA545 /* NoneDesignCell.swift in Sources */ = {isa = PBXBuildFile; fileRef = F30AC6092430F1AD00CEA545 /* NoneDesignCell.swift */; };
		F30AC60C24312C2C00CEA545 /* VerificationCodeView.swift in Sources */ = {isa = PBXBuildFile; fileRef = F30AC60B24312C2C00CEA545 /* VerificationCodeView.swift */; };
		F30AC613243355DE00CEA545 /* SignUpUserDetailsView.swift in Sources */ = {isa = PBXBuildFile; fileRef = F30AC612243355DE00CEA545 /* SignUpUserDetailsView.swift */; };
		F30AC617243372E600CEA545 /* StepControl.swift in Sources */ = {isa = PBXBuildFile; fileRef = F30AC616243372E600CEA545 /* StepControl.swift */; };
		F30AC61B24364A7700CEA545 /* CustomizeThumb.swift in Sources */ = {isa = PBXBuildFile; fileRef = F30AC61A24364A7700CEA545 /* CustomizeThumb.swift */; };
		F30AC61D243903BC00CEA545 /* LandingView.swift in Sources */ = {isa = PBXBuildFile; fileRef = F30AC61C243903BC00CEA545 /* LandingView.swift */; };
		F30AC6202439044E00CEA545 /* DatatHandler.swift in Sources */ = {isa = PBXBuildFile; fileRef = F30AC61F2439044E00CEA545 /* DatatHandler.swift */; };
		F30AC6232439F0E200CEA545 /* CoreData.xcdatamodeld in Sources */ = {isa = PBXBuildFile; fileRef = F30AC6212439F0E200CEA545 /* CoreData.xcdatamodeld */; };
		F30AC6252439F13500CEA545 /* CoreDataStack.swift in Sources */ = {isa = PBXBuildFile; fileRef = F30AC6242439F13500CEA545 /* CoreDataStack.swift */; };
		F30AC628243A8BE800CEA545 /* NotificationAlert.swift in Sources */ = {isa = PBXBuildFile; fileRef = F30AC627243A8BE800CEA545 /* NotificationAlert.swift */; };
		F30AC62A243A8DEE00CEA545 /* Queue.swift in Sources */ = {isa = PBXBuildFile; fileRef = F30AC629243A8DEE00CEA545 /* Queue.swift */; };
		F36B68A5241C3D3400D91162 /* AppDelegate.swift in Sources */ = {isa = PBXBuildFile; fileRef = F36B68A4241C3D3400D91162 /* AppDelegate.swift */; };
		F36B68AB241C3D3600D91162 /* Assets.xcassets in Resources */ = {isa = PBXBuildFile; fileRef = F36B68AA241C3D3600D91162 /* Assets.xcassets */; };
		F36B68B1241C3D3600D91162 /* LaunchScreen.storyboard in Resources */ = {isa = PBXBuildFile; fileRef = F36B68AF241C3D3600D91162 /* LaunchScreen.storyboard */; };
		F3A14C132420264300A375D1 /* ContainerController.swift in Sources */ = {isa = PBXBuildFile; fileRef = F3A14C122420264300A375D1 /* ContainerController.swift */; };
		F3A14C152420265300A375D1 /* OverlapContainer.swift in Sources */ = {isa = PBXBuildFile; fileRef = F3A14C142420265300A375D1 /* OverlapContainer.swift */; };
		F3A14C182420D22A00A375D1 /* CONSTANTS.swift in Sources */ = {isa = PBXBuildFile; fileRef = F3A14C172420D22A00A375D1 /* CONSTANTS.swift */; };
		F3A14C1B2420D62100A375D1 /* Global.swift in Sources */ = {isa = PBXBuildFile; fileRef = F3A14C1A2420D62100A375D1 /* Global.swift */; };
		F3A14C232420DF3200A375D1 /* StringExtension.swift in Sources */ = {isa = PBXBuildFile; fileRef = F3A14C222420DF3200A375D1 /* StringExtension.swift */; };
		F3A14C262420E22F00A375D1 /* SuperView.swift in Sources */ = {isa = PBXBuildFile; fileRef = F3A14C252420E22F00A375D1 /* SuperView.swift */; };
		F3A14C292420E28F00A375D1 /* Stack.swift in Sources */ = {isa = PBXBuildFile; fileRef = F3A14C282420E28F00A375D1 /* Stack.swift */; };
		F3A14C2B2420E2C500A375D1 /* Colors_Views.xcassets in Resources */ = {isa = PBXBuildFile; fileRef = F3A14C2A2420E2C500A375D1 /* Colors_Views.xcassets */; };
		F3A14C2D2420E2D800A375D1 /* Images_Views.xcassets in Resources */ = {isa = PBXBuildFile; fileRef = F3A14C2C2420E2D800A375D1 /* Images_Views.xcassets */; };
		F3A14C302420EA0F00A375D1 /* LoginView.swift in Sources */ = {isa = PBXBuildFile; fileRef = F3A14C2F2420EA0F00A375D1 /* LoginView.swift */; };
		F3A14C322421137200A375D1 /* GoogleService-Info.plist in Resources */ = {isa = PBXBuildFile; fileRef = F3A14C312421137200A375D1 /* GoogleService-Info.plist */; };
		F3A14C3424212D1800A375D1 /* UILabelExtension.swift in Sources */ = {isa = PBXBuildFile; fileRef = F3A14C3324212D1800A375D1 /* UILabelExtension.swift */; };
		F3A14C3624212D3F00A375D1 /* UITextViewExtension.swift in Sources */ = {isa = PBXBuildFile; fileRef = F3A14C3524212D3F00A375D1 /* UITextViewExtension.swift */; };
		F3A14C3B24213CB100A375D1 /* Localizable.strings in Resources */ = {isa = PBXBuildFile; fileRef = F3A14C3D24213CB100A375D1 /* Localizable.strings */; };
		F3A14C432421844400A375D1 /* CustomizeButton.swift in Sources */ = {isa = PBXBuildFile; fileRef = F3A14C422421844400A375D1 /* CustomizeButton.swift */; };
		F3A14C482423EB6500A375D1 /* TemplateLoginView.swift in Sources */ = {isa = PBXBuildFile; fileRef = F3A14C472423EB6500A375D1 /* TemplateLoginView.swift */; };
		F3A14C4A2424235D00A375D1 /* PhoneNumberView.swift in Sources */ = {isa = PBXBuildFile; fileRef = F3A14C492424235D00A375D1 /* PhoneNumberView.swift */; };
		F3A14C4C24242A1300A375D1 /* UIColorExtension.swift in Sources */ = {isa = PBXBuildFile; fileRef = F3A14C4B24242A1300A375D1 /* UIColorExtension.swift */; };
		F3A14C5024254F8800A375D1 /* ExpressProgress.swift in Sources */ = {isa = PBXBuildFile; fileRef = F3A14C4E24254F8800A375D1 /* ExpressProgress.swift */; };
		F3A14C5124254F8800A375D1 /* Images_ExpressProgress.xcassets in Resources */ = {isa = PBXBuildFile; fileRef = F3A14C4F24254F8800A375D1 /* Images_ExpressProgress.xcassets */; };
/* End PBXBuildFile section */

/* Begin PBXFileReference section */
		257719D2283C7AC5460378A9 /* Pods_Reporters.framework */ = {isa = PBXFileReference; explicitFileType = wrapper.framework; includeInIndex = 0; path = Pods_Reporters.framework; sourceTree = BUILT_PRODUCTS_DIR; };
		5D16DB66415E3E3BA47CAE7A /* Pods-Reporters.release.xcconfig */ = {isa = PBXFileReference; includeInIndex = 1; lastKnownFileType = text.xcconfig; name = "Pods-Reporters.release.xcconfig"; path = "Target Support Files/Pods-Reporters/Pods-Reporters.release.xcconfig"; sourceTree = "<group>"; };
		AC9C20DE98730CF6E7E0A688 /* Pods-Reporters.debug.xcconfig */ = {isa = PBXFileReference; includeInIndex = 1; lastKnownFileType = text.xcconfig; name = "Pods-Reporters.debug.xcconfig"; path = "Target Support Files/Pods-Reporters/Pods-Reporters.debug.xcconfig"; sourceTree = "<group>"; };
		F30AC601242EBE2E00CEA545 /* UIViewExtension.swift */ = {isa = PBXFileReference; lastKnownFileType = sourcecode.swift; path = UIViewExtension.swift; sourceTree = "<group>"; };
		F30AC60324300DC800CEA545 /* Flags.xcassets */ = {isa = PBXFileReference; lastKnownFileType = folder.assetcatalog; path = Flags.xcassets; sourceTree = "<group>"; };
		F30AC6062430F11900CEA545 /* CountriesList.swift */ = {isa = PBXFileReference; lastKnownFileType = sourcecode.swift; path = CountriesList.swift; sourceTree = "<group>"; };
		F30AC6092430F1AD00CEA545 /* NoneDesignCell.swift */ = {isa = PBXFileReference; lastKnownFileType = sourcecode.swift; path = NoneDesignCell.swift; sourceTree = "<group>"; };
		F30AC60B24312C2C00CEA545 /* VerificationCodeView.swift */ = {isa = PBXFileReference; lastKnownFileType = sourcecode.swift; path = VerificationCodeView.swift; sourceTree = "<group>"; };
		F30AC611243219C400CEA545 /* Reporters.entitlements */ = {isa = PBXFileReference; lastKnownFileType = text.plist.entitlements; path = Reporters.entitlements; sourceTree = "<group>"; };
		F30AC612243355DE00CEA545 /* SignUpUserDetailsView.swift */ = {isa = PBXFileReference; lastKnownFileType = sourcecode.swift; path = SignUpUserDetailsView.swift; sourceTree = "<group>"; };
		F30AC616243372E600CEA545 /* StepControl.swift */ = {isa = PBXFileReference; lastKnownFileType = sourcecode.swift; path = StepControl.swift; sourceTree = "<group>"; };
		F30AC61A24364A7700CEA545 /* CustomizeThumb.swift */ = {isa = PBXFileReference; lastKnownFileType = sourcecode.swift; path = CustomizeThumb.swift; sourceTree = "<group>"; };
		F30AC61C243903BC00CEA545 /* LandingView.swift */ = {isa = PBXFileReference; lastKnownFileType = sourcecode.swift; path = LandingView.swift; sourceTree = "<group>"; };
		F30AC61F2439044E00CEA545 /* DatatHandler.swift */ = {isa = PBXFileReference; lastKnownFileType = sourcecode.swift; path = DatatHandler.swift; sourceTree = "<group>"; };
		F30AC6222439F0E200CEA545 /* CoreData.xcdatamodel */ = {isa = PBXFileReference; lastKnownFileType = wrapper.xcdatamodel; path = CoreData.xcdatamodel; sourceTree = "<group>"; };
		F30AC6242439F13500CEA545 /* CoreDataStack.swift */ = {isa = PBXFileReference; lastKnownFileType = sourcecode.swift; path = CoreDataStack.swift; sourceTree = "<group>"; };
		F30AC627243A8BE800CEA545 /* NotificationAlert.swift */ = {isa = PBXFileReference; lastKnownFileType = sourcecode.swift; path = NotificationAlert.swift; sourceTree = "<group>"; };
		F30AC629243A8DEE00CEA545 /* Queue.swift */ = {isa = PBXFileReference; lastKnownFileType = sourcecode.swift; path = Queue.swift; sourceTree = "<group>"; };
		F36B68A1241C3D3400D91162 /* Reporters.app */ = {isa = PBXFileReference; explicitFileType = wrapper.application; includeInIndex = 0; path = Reporters.app; sourceTree = BUILT_PRODUCTS_DIR; };
		F36B68A4241C3D3400D91162 /* AppDelegate.swift */ = {isa = PBXFileReference; lastKnownFileType = sourcecode.swift; path = AppDelegate.swift; sourceTree = "<group>"; };
		F36B68AA241C3D3600D91162 /* Assets.xcassets */ = {isa = PBXFileReference; lastKnownFileType = folder.assetcatalog; path = Assets.xcassets; sourceTree = "<group>"; };
		F36B68B0241C3D3600D91162 /* Base */ = {isa = PBXFileReference; lastKnownFileType = file.storyboard; name = Base; path = Base.lproj/LaunchScreen.storyboard; sourceTree = "<group>"; };
		F36B68B2241C3D3600D91162 /* Info.plist */ = {isa = PBXFileReference; lastKnownFileType = text.plist.xml; path = Info.plist; sourceTree = "<group>"; };
		F3A14C122420264300A375D1 /* ContainerController.swift */ = {isa = PBXFileReference; lastKnownFileType = sourcecode.swift; path = ContainerController.swift; sourceTree = "<group>"; };
		F3A14C142420265300A375D1 /* OverlapContainer.swift */ = {isa = PBXFileReference; lastKnownFileType = sourcecode.swift; path = OverlapContainer.swift; sourceTree = "<group>"; };
		F3A14C172420D22A00A375D1 /* CONSTANTS.swift */ = {isa = PBXFileReference; lastKnownFileType = sourcecode.swift; path = CONSTANTS.swift; sourceTree = "<group>"; };
		F3A14C1A2420D62100A375D1 /* Global.swift */ = {isa = PBXFileReference; lastKnownFileType = sourcecode.swift; path = Global.swift; sourceTree = "<group>"; };
		F3A14C222420DF3200A375D1 /* StringExtension.swift */ = {isa = PBXFileReference; lastKnownFileType = sourcecode.swift; path = StringExtension.swift; sourceTree = "<group>"; };
		F3A14C252420E22F00A375D1 /* SuperView.swift */ = {isa = PBXFileReference; lastKnownFileType = sourcecode.swift; path = SuperView.swift; sourceTree = "<group>"; };
		F3A14C282420E28F00A375D1 /* Stack.swift */ = {isa = PBXFileReference; lastKnownFileType = sourcecode.swift; path = Stack.swift; sourceTree = "<group>"; };
		F3A14C2A2420E2C500A375D1 /* Colors_Views.xcassets */ = {isa = PBXFileReference; lastKnownFileType = folder.assetcatalog; path = Colors_Views.xcassets; sourceTree = "<group>"; };
		F3A14C2C2420E2D800A375D1 /* Images_Views.xcassets */ = {isa = PBXFileReference; lastKnownFileType = folder.assetcatalog; path = Images_Views.xcassets; sourceTree = "<group>"; };
		F3A14C2F2420EA0F00A375D1 /* LoginView.swift */ = {isa = PBXFileReference; lastKnownFileType = sourcecode.swift; path = LoginView.swift; sourceTree = "<group>"; };
		F3A14C312421137200A375D1 /* GoogleService-Info.plist */ = {isa = PBXFileReference; fileEncoding = 4; lastKnownFileType = text.plist.xml; path = "GoogleService-Info.plist"; sourceTree = "<group>"; };
		F3A14C3324212D1800A375D1 /* UILabelExtension.swift */ = {isa = PBXFileReference; lastKnownFileType = sourcecode.swift; path = UILabelExtension.swift; sourceTree = "<group>"; };
		F3A14C3524212D3F00A375D1 /* UITextViewExtension.swift */ = {isa = PBXFileReference; lastKnownFileType = sourcecode.swift; path = UITextViewExtension.swift; sourceTree = "<group>"; };
		F3A14C3924213C8B00A375D1 /* he */ = {isa = PBXFileReference; lastKnownFileType = text.plist.strings; name = he; path = he.lproj/LaunchScreen.strings; sourceTree = "<group>"; };
		F3A14C3A24213C9500A375D1 /* ar */ = {isa = PBXFileReference; lastKnownFileType = text.plist.strings; name = ar; path = ar.lproj/LaunchScreen.strings; sourceTree = "<group>"; };
		F3A14C3C24213CB100A375D1 /* en */ = {isa = PBXFileReference; lastKnownFileType = text.plist.strings; name = en; path = en.lproj/Localizable.strings; sourceTree = "<group>"; };
		F3A14C3E24213CBB00A375D1 /* ar */ = {isa = PBXFileReference; lastKnownFileType = text.plist.strings; name = ar; path = ar.lproj/Localizable.strings; sourceTree = "<group>"; };
		F3A14C3F24213CBE00A375D1 /* he */ = {isa = PBXFileReference; lastKnownFileType = text.plist.strings; name = he; path = he.lproj/Localizable.strings; sourceTree = "<group>"; };
		F3A14C422421844400A375D1 /* CustomizeButton.swift */ = {isa = PBXFileReference; lastKnownFileType = sourcecode.swift; path = CustomizeButton.swift; sourceTree = "<group>"; };
		F3A14C472423EB6500A375D1 /* TemplateLoginView.swift */ = {isa = PBXFileReference; lastKnownFileType = sourcecode.swift; path = TemplateLoginView.swift; sourceTree = "<group>"; };
		F3A14C492424235D00A375D1 /* PhoneNumberView.swift */ = {isa = PBXFileReference; lastKnownFileType = sourcecode.swift; path = PhoneNumberView.swift; sourceTree = "<group>"; };
		F3A14C4B24242A1300A375D1 /* UIColorExtension.swift */ = {isa = PBXFileReference; lastKnownFileType = sourcecode.swift; path = UIColorExtension.swift; sourceTree = "<group>"; };
		F3A14C4E24254F8800A375D1 /* ExpressProgress.swift */ = {isa = PBXFileReference; fileEncoding = 4; lastKnownFileType = sourcecode.swift; path = ExpressProgress.swift; sourceTree = "<group>"; };
		F3A14C4F24254F8800A375D1 /* Images_ExpressProgress.xcassets */ = {isa = PBXFileReference; lastKnownFileType = folder.assetcatalog; path = Images_ExpressProgress.xcassets; sourceTree = "<group>"; };
/* End PBXFileReference section */

/* Begin PBXFrameworksBuildPhase section */
		F36B689E241C3D3400D91162 /* Frameworks */ = {
			isa = PBXFrameworksBuildPhase;
			buildActionMask = 2147483647;
			files = (
				20B3F2DAF2C094889F8B5B57 /* Pods_Reporters.framework in Frameworks */,
			);
			runOnlyForDeploymentPostprocessing = 0;
		};
/* End PBXFrameworksBuildPhase section */

/* Begin PBXGroup section */
		2863E879330AE8404220C23F /* Pods */ = {
			isa = PBXGroup;
			children = (
				AC9C20DE98730CF6E7E0A688 /* Pods-Reporters.debug.xcconfig */,
				5D16DB66415E3E3BA47CAE7A /* Pods-Reporters.release.xcconfig */,
			);
			path = Pods;
			sourceTree = "<group>";
		};
		7C868386ADEA453C933BBDFB /* Frameworks */ = {
			isa = PBXGroup;
			children = (
				257719D2283C7AC5460378A9 /* Pods_Reporters.framework */,
			);
			name = Frameworks;
			sourceTree = "<group>";
		};
		F30AC6082430F18D00CEA545 /* UITableViewCell */ = {
			isa = PBXGroup;
			children = (
				F30AC6092430F1AD00CEA545 /* NoneDesignCell.swift */,
			);
			path = UITableViewCell;
			sourceTree = "<group>";
		};
		F30AC614243355E900CEA545 /* CountriesList */ = {
			isa = PBXGroup;
			children = (
				F30AC6062430F11900CEA545 /* CountriesList.swift */,
			);
			path = CountriesList;
			sourceTree = "<group>";
		};
		F30AC615243372DD00CEA545 /* StepControl */ = {
			isa = PBXGroup;
			children = (
				F30AC616243372E600CEA545 /* StepControl.swift */,
			);
			path = StepControl;
			sourceTree = "<group>";
		};
		F30AC6182433A11400CEA545 /* CoreData */ = {
			isa = PBXGroup;
			children = (
				F30AC6212439F0E200CEA545 /* CoreData.xcdatamodeld */,
				F30AC6242439F13500CEA545 /* CoreDataStack.swift */,
			);
			path = CoreData;
			sourceTree = "<group>";
		};
		F30AC61924364A6300CEA545 /* CustomizeThumb */ = {
			isa = PBXGroup;
			children = (
				F30AC61A24364A7700CEA545 /* CustomizeThumb.swift */,
			);
			path = CustomizeThumb;
			sourceTree = "<group>";
		};
		F30AC61E2439043800CEA545 /* DatatHandler */ = {
			isa = PBXGroup;
			children = (
				F30AC61F2439044E00CEA545 /* DatatHandler.swift */,
			);
			path = DatatHandler;
			sourceTree = "<group>";
		};
		F30AC626243A8BDA00CEA545 /* NotificationAlert */ = {
			isa = PBXGroup;
			children = (
				F30AC627243A8BE800CEA545 /* NotificationAlert.swift */,
			);
			path = NotificationAlert;
			sourceTree = "<group>";
		};
		F36B6898241C3D3400D91162 = {
			isa = PBXGroup;
			children = (
				F36B68A3241C3D3400D91162 /* Reporters */,
				F36B68A2241C3D3400D91162 /* Products */,
				2863E879330AE8404220C23F /* Pods */,
				7C868386ADEA453C933BBDFB /* Frameworks */,
			);
			sourceTree = "<group>";
		};
		F36B68A2241C3D3400D91162 /* Products */ = {
			isa = PBXGroup;
			children = (
				F36B68A1241C3D3400D91162 /* Reporters.app */,
			);
			name = Products;
			sourceTree = "<group>";
		};
		F36B68A3241C3D3400D91162 /* Reporters */ = {
			isa = PBXGroup;
			children = (
				F30AC611243219C400CEA545 /* Reporters.entitlements */,
				F30AC6182433A11400CEA545 /* CoreData */,
				F30AC61E2439043800CEA545 /* DatatHandler */,
				F3A14C1C2420DD5000A375D1 /* Lang */,
				F3A14C162420D21D00A375D1 /* Constants */,
				F3A14C212420DDC000A375D1 /* Extensions */,
				F3A14C272420E28100A375D1 /* DataStructure */,
				F3A14C242420E21D00A375D1 /* Views */,
				F3A14C142420265300A375D1 /* OverlapContainer.swift */,
				F3A14C122420264300A375D1 /* ContainerController.swift */,
				F36B68A4241C3D3400D91162 /* AppDelegate.swift */,
				F36B68AC241C3D3600D91162 /* Supporting Files */,
			);
			path = Reporters;
			sourceTree = "<group>";
		};
		F36B68AC241C3D3600D91162 /* Supporting Files */ = {
			isa = PBXGroup;
			children = (
				F36B68B2241C3D3600D91162 /* Info.plist */,
				F36B68BA241C44D900D91162 /* Fonts */,
				F36B68B8241C44C000D91162 /* FireBase */,
				F36B68B9241C44D000D91162 /* Assets */,
			);
			path = "Supporting Files";
			sourceTree = "<group>";
		};
		F36B68B8241C44C000D91162 /* FireBase */ = {
			isa = PBXGroup;
			children = (
				F3A14C312421137200A375D1 /* GoogleService-Info.plist */,
			);
			path = FireBase;
			sourceTree = "<group>";
		};
		F36B68B9241C44D000D91162 /* Assets */ = {
			isa = PBXGroup;
			children = (
				F36B68AA241C3D3600D91162 /* Assets.xcassets */,
				F36B68AF241C3D3600D91162 /* LaunchScreen.storyboard */,
			);
			path = Assets;
			sourceTree = "<group>";
		};
		F36B68BA241C44D900D91162 /* Fonts */ = {
			isa = PBXGroup;
			children = (
			);
			path = Fonts;
			sourceTree = "<group>";
		};
		F3A14C162420D21D00A375D1 /* Constants */ = {
			isa = PBXGroup;
			children = (
				F3A14C192420D61000A375D1 /* Global */,
				F3A14C172420D22A00A375D1 /* CONSTANTS.swift */,
			);
			path = Constants;
			sourceTree = "<group>";
		};
		F3A14C192420D61000A375D1 /* Global */ = {
			isa = PBXGroup;
			children = (
				F30AC61924364A6300CEA545 /* CustomizeThumb */,
				F3A14C402421843200A375D1 /* CustomizeButton */,
				F3A14C1A2420D62100A375D1 /* Global.swift */,
			);
			path = Global;
			sourceTree = "<group>";
		};
		F3A14C1C2420DD5000A375D1 /* Lang */ = {
			isa = PBXGroup;
			children = (
				F3A14C3D24213CB100A375D1 /* Localizable.strings */,
			);
			path = Lang;
			sourceTree = "<group>";
		};
		F3A14C212420DDC000A375D1 /* Extensions */ = {
			isa = PBXGroup;
			children = (
				F30AC626243A8BDA00CEA545 /* NotificationAlert */,
				F30AC615243372DD00CEA545 /* StepControl */,
				F30AC6082430F18D00CEA545 /* UITableViewCell */,
				F3A14C4D24254F7600A375D1 /* ExpressProgress */,
				F3A14C222420DF3200A375D1 /* StringExtension.swift */,
				F3A14C3324212D1800A375D1 /* UILabelExtension.swift */,
				F3A14C3524212D3F00A375D1 /* UITextViewExtension.swift */,
				F3A14C4B24242A1300A375D1 /* UIColorExtension.swift */,
				F30AC601242EBE2E00CEA545 /* UIViewExtension.swift */,
			);
			path = Extensions;
			sourceTree = "<group>";
		};
		F3A14C242420E21D00A375D1 /* Views */ = {
			isa = PBXGroup;
			children = (
				F3A14C54242927D100A375D1 /* LandingView */,
				F3A14C2E2420E9FE00A375D1 /* LoginView */,
				F3A14C252420E22F00A375D1 /* SuperView.swift */,
				F3A14C2A2420E2C500A375D1 /* Colors_Views.xcassets */,
				F30AC60324300DC800CEA545 /* Flags.xcassets */,
				F3A14C2C2420E2D800A375D1 /* Images_Views.xcassets */,
			);
			path = Views;
			sourceTree = "<group>";
		};
		F3A14C272420E28100A375D1 /* DataStructure */ = {
			isa = PBXGroup;
			children = (
				F3A14C282420E28F00A375D1 /* Stack.swift */,
				F30AC629243A8DEE00CEA545 /* Queue.swift */,
			);
			path = DataStructure;
			sourceTree = "<group>";
		};
		F3A14C2E2420E9FE00A375D1 /* LoginView */ = {
			isa = PBXGroup;
			children = (
				F3A14C462423EB5600A375D1 /* LoginByPhoneNumber */,
				F3A14C2F2420EA0F00A375D1 /* LoginView.swift */,
			);
			path = LoginView;
			sourceTree = "<group>";
		};
		F3A14C402421843200A375D1 /* CustomizeButton */ = {
			isa = PBXGroup;
			children = (
				F3A14C422421844400A375D1 /* CustomizeButton.swift */,
			);
			path = CustomizeButton;
			sourceTree = "<group>";
		};
		F3A14C462423EB5600A375D1 /* LoginByPhoneNumber */ = {
			isa = PBXGroup;
			children = (
				F30AC614243355E900CEA545 /* CountriesList */,
				F30AC612243355DE00CEA545 /* SignUpUserDetailsView.swift */,
				F30AC60B24312C2C00CEA545 /* VerificationCodeView.swift */,
				F3A14C492424235D00A375D1 /* PhoneNumberView.swift */,
				F3A14C472423EB6500A375D1 /* TemplateLoginView.swift */,
			);
			path = LoginByPhoneNumber;
			sourceTree = "<group>";
		};
		F3A14C4D24254F7600A375D1 /* ExpressProgress */ = {
			isa = PBXGroup;
			children = (
				F3A14C4E24254F8800A375D1 /* ExpressProgress.swift */,
				F3A14C4F24254F8800A375D1 /* Images_ExpressProgress.xcassets */,
			);
			path = ExpressProgress;
			sourceTree = "<group>";
		};
		F3A14C54242927D100A375D1 /* LandingView */ = {
			isa = PBXGroup;
			children = (
				F30AC61C243903BC00CEA545 /* LandingView.swift */,
			);
			path = LandingView;
			sourceTree = "<group>";
		};
/* End PBXGroup section */

/* Begin PBXNativeTarget section */
		F36B68A0241C3D3400D91162 /* Reporters */ = {
			isa = PBXNativeTarget;
			buildConfigurationList = F36B68B5241C3D3600D91162 /* Build configuration list for PBXNativeTarget "Reporters" */;
			buildPhases = (
				F3E28C771F667BED398CC6B6 /* [CP] Check Pods Manifest.lock */,
				F36B689D241C3D3400D91162 /* Sources */,
				F36B689E241C3D3400D91162 /* Frameworks */,
				F36B689F241C3D3400D91162 /* Resources */,
				84E14C5AC262D447F0EEBA83 /* [CP] Embed Pods Frameworks */,
			);
			buildRules = (
			);
			dependencies = (
			);
			name = Reporters;
			productName = Reporters;
			productReference = F36B68A1241C3D3400D91162 /* Reporters.app */;
			productType = "com.apple.product-type.application";
		};
/* End PBXNativeTarget section */

/* Begin PBXProject section */
		F36B6899241C3D3400D91162 /* Project object */ = {
			isa = PBXProject;
			attributes = {
				LastSwiftUpdateCheck = 1130;
				LastUpgradeCheck = 1130;
				ORGANIZATIONNAME = "Muhammad Jbara";
				TargetAttributes = {
					F36B68A0241C3D3400D91162 = {
						CreatedOnToolsVersion = 11.3.1;
					};
				};
			};
			buildConfigurationList = F36B689C241C3D3400D91162 /* Build configuration list for PBXProject "Reporters" */;
			compatibilityVersion = "Xcode 9.3";
			developmentRegion = en;
			hasScannedForEncodings = 0;
			knownRegions = (
				en,
				Base,
				he,
				ar,
			);
			mainGroup = F36B6898241C3D3400D91162;
			productRefGroup = F36B68A2241C3D3400D91162 /* Products */;
			projectDirPath = "";
			projectRoot = "";
			targets = (
				F36B68A0241C3D3400D91162 /* Reporters */,
			);
		};
/* End PBXProject section */

/* Begin PBXResourcesBuildPhase section */
		F36B689F241C3D3400D91162 /* Resources */ = {
			isa = PBXResourcesBuildPhase;
			buildActionMask = 2147483647;
			files = (
				F3A14C5124254F8800A375D1 /* Images_ExpressProgress.xcassets in Resources */,
				F3A14C2B2420E2C500A375D1 /* Colors_Views.xcassets in Resources */,
				F36B68B1241C3D3600D91162 /* LaunchScreen.storyboard in Resources */,
				F3A14C3B24213CB100A375D1 /* Localizable.strings in Resources */,
				F36B68AB241C3D3600D91162 /* Assets.xcassets in Resources */,
				F3A14C2D2420E2D800A375D1 /* Images_Views.xcassets in Resources */,
				F3A14C322421137200A375D1 /* GoogleService-Info.plist in Resources */,
				F30AC60424300DC900CEA545 /* Flags.xcassets in Resources */,
			);
			runOnlyForDeploymentPostprocessing = 0;
		};
/* End PBXResourcesBuildPhase section */

/* Begin PBXShellScriptBuildPhase section */
		84E14C5AC262D447F0EEBA83 /* [CP] Embed Pods Frameworks */ = {
			isa = PBXShellScriptBuildPhase;
			buildActionMask = 2147483647;
			files = (
			);
			inputFileListPaths = (
				"${PODS_ROOT}/Target Support Files/Pods-Reporters/Pods-Reporters-frameworks-${CONFIGURATION}-input-files.xcfilelist",
			);
			name = "[CP] Embed Pods Frameworks";
			outputFileListPaths = (
				"${PODS_ROOT}/Target Support Files/Pods-Reporters/Pods-Reporters-frameworks-${CONFIGURATION}-output-files.xcfilelist",
			);
			runOnlyForDeploymentPostprocessing = 0;
			shellPath = /bin/sh;
			shellScript = "\"${PODS_ROOT}/Target Support Files/Pods-Reporters/Pods-Reporters-frameworks.sh\"\n";
			showEnvVarsInLog = 0;
		};
		F3E28C771F667BED398CC6B6 /* [CP] Check Pods Manifest.lock */ = {
			isa = PBXShellScriptBuildPhase;
			buildActionMask = 2147483647;
			files = (
			);
			inputFileListPaths = (
			);
			inputPaths = (
				"${PODS_PODFILE_DIR_PATH}/Podfile.lock",
				"${PODS_ROOT}/Manifest.lock",
			);
			name = "[CP] Check Pods Manifest.lock";
			outputFileListPaths = (
			);
			outputPaths = (
				"$(DERIVED_FILE_DIR)/Pods-Reporters-checkManifestLockResult.txt",
			);
			runOnlyForDeploymentPostprocessing = 0;
			shellPath = /bin/sh;
			shellScript = "diff \"${PODS_PODFILE_DIR_PATH}/Podfile.lock\" \"${PODS_ROOT}/Manifest.lock\" > /dev/null\nif [ $? != 0 ] ; then\n    # print error to STDERR\n    echo \"error: The sandbox is not in sync with the Podfile.lock. Run 'pod install' or update your CocoaPods installation.\" >&2\n    exit 1\nfi\n# This output is used by Xcode 'outputs' to avoid re-running this script phase.\necho \"SUCCESS\" > \"${SCRIPT_OUTPUT_FILE_0}\"\n";
			showEnvVarsInLog = 0;
		};
/* End PBXShellScriptBuildPhase section */

/* Begin PBXSourcesBuildPhase section */
		F36B689D241C3D3400D91162 /* Sources */ = {
			isa = PBXSourcesBuildPhase;
			buildActionMask = 2147483647;
			files = (
				F36B68A5241C3D3400D91162 /* AppDelegate.swift in Sources */,
				F30AC60A2430F1AD00CEA545 /* NoneDesignCell.swift in Sources */,
				F3A14C132420264300A375D1 /* ContainerController.swift in Sources */,
				F30AC6252439F13500CEA545 /* CoreDataStack.swift in Sources */,
				F30AC6072430F11900CEA545 /* CountriesList.swift in Sources */,
				F3A14C4C24242A1300A375D1 /* UIColorExtension.swift in Sources */,
				F3A14C3424212D1800A375D1 /* UILabelExtension.swift in Sources */,
				F3A14C232420DF3200A375D1 /* StringExtension.swift in Sources */,
				F3A14C482423EB6500A375D1 /* TemplateLoginView.swift in Sources */,
				F30AC613243355DE00CEA545 /* SignUpUserDetailsView.swift in Sources */,
				F3A14C302420EA0F00A375D1 /* LoginView.swift in Sources */,
				F3A14C262420E22F00A375D1 /* SuperView.swift in Sources */,
				F30AC602242EBE2E00CEA545 /* UIViewExtension.swift in Sources */,
				F30AC628243A8BE800CEA545 /* NotificationAlert.swift in Sources */,
				F30AC61D243903BC00CEA545 /* LandingView.swift in Sources */,
				F3A14C292420E28F00A375D1 /* Stack.swift in Sources */,
				F3A14C3624212D3F00A375D1 /* UITextViewExtension.swift in Sources */,
				F30AC62A243A8DEE00CEA545 /* Queue.swift in Sources */,
				F3A14C152420265300A375D1 /* OverlapContainer.swift in Sources */,
				F30AC6232439F0E200CEA545 /* CoreData.xcdatamodeld in Sources */,
				F30AC60C24312C2C00CEA545 /* VerificationCodeView.swift in Sources */,
				F3A14C4A2424235D00A375D1 /* PhoneNumberView.swift in Sources */,
				F3A14C1B2420D62100A375D1 /* Global.swift in Sources */,
				F30AC61B24364A7700CEA545 /* CustomizeThumb.swift in Sources */,
				F3A14C182420D22A00A375D1 /* CONSTANTS.swift in Sources */,
				F3A14C432421844400A375D1 /* CustomizeButton.swift in Sources */,
				F3A14C5024254F8800A375D1 /* ExpressProgress.swift in Sources */,
				F30AC6202439044E00CEA545 /* DatatHandler.swift in Sources */,
				F30AC617243372E600CEA545 /* StepControl.swift in Sources */,
			);
			runOnlyForDeploymentPostprocessing = 0;
		};
/* End PBXSourcesBuildPhase section */

/* Begin PBXVariantGroup section */
		F36B68AF241C3D3600D91162 /* LaunchScreen.storyboard */ = {
			isa = PBXVariantGroup;
			children = (
				F36B68B0241C3D3600D91162 /* Base */,
				F3A14C3924213C8B00A375D1 /* he */,
				F3A14C3A24213C9500A375D1 /* ar */,
			);
			name = LaunchScreen.storyboard;
			sourceTree = "<group>";
		};
		F3A14C3D24213CB100A375D1 /* Localizable.strings */ = {
			isa = PBXVariantGroup;
			children = (
				F3A14C3C24213CB100A375D1 /* en */,
				F3A14C3E24213CBB00A375D1 /* ar */,
				F3A14C3F24213CBE00A375D1 /* he */,
			);
			name = Localizable.strings;
			sourceTree = "<group>";
		};
/* End PBXVariantGroup section */

/* Begin XCBuildConfiguration section */
		F36B68B3241C3D3600D91162 /* Debug */ = {
			isa = XCBuildConfiguration;
			buildSettings = {
				ALWAYS_SEARCH_USER_PATHS = NO;
				CLANG_ANALYZER_LOCALIZABILITY_NONLOCALIZED = YES;
				CLANG_ANALYZER_NONNULL = YES;
				CLANG_ANALYZER_NUMBER_OBJECT_CONVERSION = YES_AGGRESSIVE;
				CLANG_CXX_LANGUAGE_STANDARD = "gnu++14";
				CLANG_CXX_LIBRARY = "libc++";
				CLANG_ENABLE_MODULES = YES;
				CLANG_ENABLE_OBJC_ARC = YES;
				CLANG_ENABLE_OBJC_WEAK = YES;
				CLANG_WARN_BLOCK_CAPTURE_AUTORELEASING = YES;
				CLANG_WARN_BOOL_CONVERSION = YES;
				CLANG_WARN_COMMA = YES;
				CLANG_WARN_CONSTANT_CONVERSION = YES;
				CLANG_WARN_DEPRECATED_OBJC_IMPLEMENTATIONS = YES;
				CLANG_WARN_DIRECT_OBJC_ISA_USAGE = YES_ERROR;
				CLANG_WARN_DOCUMENTATION_COMMENTS = YES;
				CLANG_WARN_EMPTY_BODY = YES;
				CLANG_WARN_ENUM_CONVERSION = YES;
				CLANG_WARN_INFINITE_RECURSION = YES;
				CLANG_WARN_INT_CONVERSION = YES;
				CLANG_WARN_NON_LITERAL_NULL_CONVERSION = YES;
				CLANG_WARN_OBJC_IMPLICIT_RETAIN_SELF = YES;
				CLANG_WARN_OBJC_LITERAL_CONVERSION = YES;
				CLANG_WARN_OBJC_ROOT_CLASS = YES_ERROR;
				CLANG_WARN_RANGE_LOOP_ANALYSIS = YES;
				CLANG_WARN_STRICT_PROTOTYPES = YES;
				CLANG_WARN_SUSPICIOUS_MOVE = YES;
				CLANG_WARN_UNGUARDED_AVAILABILITY = YES_AGGRESSIVE;
				CLANG_WARN_UNREACHABLE_CODE = YES;
				CLANG_WARN__DUPLICATE_METHOD_MATCH = YES;
				COPY_PHASE_STRIP = NO;
				DEBUG_INFORMATION_FORMAT = dwarf;
				ENABLE_STRICT_OBJC_MSGSEND = YES;
				ENABLE_TESTABILITY = YES;
				GCC_C_LANGUAGE_STANDARD = gnu11;
				GCC_DYNAMIC_NO_PIC = NO;
				GCC_NO_COMMON_BLOCKS = YES;
				GCC_OPTIMIZATION_LEVEL = 0;
				GCC_PREPROCESSOR_DEFINITIONS = (
					"DEBUG=1",
					"$(inherited)",
				);
				GCC_WARN_64_TO_32_BIT_CONVERSION = YES;
				GCC_WARN_ABOUT_RETURN_TYPE = YES_ERROR;
				GCC_WARN_UNDECLARED_SELECTOR = YES;
				GCC_WARN_UNINITIALIZED_AUTOS = YES_AGGRESSIVE;
				GCC_WARN_UNUSED_FUNCTION = YES;
				GCC_WARN_UNUSED_VARIABLE = YES;
				IPHONEOS_DEPLOYMENT_TARGET = 13.2;
				MTL_ENABLE_DEBUG_INFO = INCLUDE_SOURCE;
				MTL_FAST_MATH = YES;
				ONLY_ACTIVE_ARCH = YES;
				SDKROOT = iphoneos;
				SWIFT_ACTIVE_COMPILATION_CONDITIONS = DEBUG;
				SWIFT_OPTIMIZATION_LEVEL = "-Onone";
			};
			name = Debug;
		};
		F36B68B4241C3D3600D91162 /* Release */ = {
			isa = XCBuildConfiguration;
			buildSettings = {
				ALWAYS_SEARCH_USER_PATHS = NO;
				CLANG_ANALYZER_LOCALIZABILITY_NONLOCALIZED = YES;
				CLANG_ANALYZER_NONNULL = YES;
				CLANG_ANALYZER_NUMBER_OBJECT_CONVERSION = YES_AGGRESSIVE;
				CLANG_CXX_LANGUAGE_STANDARD = "gnu++14";
				CLANG_CXX_LIBRARY = "libc++";
				CLANG_ENABLE_MODULES = YES;
				CLANG_ENABLE_OBJC_ARC = YES;
				CLANG_ENABLE_OBJC_WEAK = YES;
				CLANG_WARN_BLOCK_CAPTURE_AUTORELEASING = YES;
				CLANG_WARN_BOOL_CONVERSION = YES;
				CLANG_WARN_COMMA = YES;
				CLANG_WARN_CONSTANT_CONVERSION = YES;
				CLANG_WARN_DEPRECATED_OBJC_IMPLEMENTATIONS = YES;
				CLANG_WARN_DIRECT_OBJC_ISA_USAGE = YES_ERROR;
				CLANG_WARN_DOCUMENTATION_COMMENTS = YES;
				CLANG_WARN_EMPTY_BODY = YES;
				CLANG_WARN_ENUM_CONVERSION = YES;
				CLANG_WARN_INFINITE_RECURSION = YES;
				CLANG_WARN_INT_CONVERSION = YES;
				CLANG_WARN_NON_LITERAL_NULL_CONVERSION = YES;
				CLANG_WARN_OBJC_IMPLICIT_RETAIN_SELF = YES;
				CLANG_WARN_OBJC_LITERAL_CONVERSION = YES;
				CLANG_WARN_OBJC_ROOT_CLASS = YES_ERROR;
				CLANG_WARN_RANGE_LOOP_ANALYSIS = YES;
				CLANG_WARN_STRICT_PROTOTYPES = YES;
				CLANG_WARN_SUSPICIOUS_MOVE = YES;
				CLANG_WARN_UNGUARDED_AVAILABILITY = YES_AGGRESSIVE;
				CLANG_WARN_UNREACHABLE_CODE = YES;
				CLANG_WARN__DUPLICATE_METHOD_MATCH = YES;
				COPY_PHASE_STRIP = NO;
				DEBUG_INFORMATION_FORMAT = "dwarf-with-dsym";
				ENABLE_NS_ASSERTIONS = NO;
				ENABLE_STRICT_OBJC_MSGSEND = YES;
				GCC_C_LANGUAGE_STANDARD = gnu11;
				GCC_NO_COMMON_BLOCKS = YES;
				GCC_WARN_64_TO_32_BIT_CONVERSION = YES;
				GCC_WARN_ABOUT_RETURN_TYPE = YES_ERROR;
				GCC_WARN_UNDECLARED_SELECTOR = YES;
				GCC_WARN_UNINITIALIZED_AUTOS = YES_AGGRESSIVE;
				GCC_WARN_UNUSED_FUNCTION = YES;
				GCC_WARN_UNUSED_VARIABLE = YES;
				IPHONEOS_DEPLOYMENT_TARGET = 13.2;
				MTL_ENABLE_DEBUG_INFO = NO;
				MTL_FAST_MATH = YES;
				SDKROOT = iphoneos;
				SWIFT_COMPILATION_MODE = wholemodule;
				SWIFT_OPTIMIZATION_LEVEL = "-O";
				VALIDATE_PRODUCT = YES;
			};
			name = Release;
		};
		F36B68B6241C3D3600D91162 /* Debug */ = {
			isa = XCBuildConfiguration;
			baseConfigurationReference = AC9C20DE98730CF6E7E0A688 /* Pods-Reporters.debug.xcconfig */;
			buildSettings = {
				ASSETCATALOG_COMPILER_APPICON_NAME = AppIcon;
				CODE_SIGN_ENTITLEMENTS = Reporters/Reporters.entitlements;
				CODE_SIGN_STYLE = Automatic;
				CURRENT_PROJECT_VERSION = 1;
				DEVELOPMENT_ASSET_PATHS = "";
				DEVELOPMENT_TEAM = YV49H67XCX;
				ENABLE_PREVIEWS = YES;
				INFOPLIST_FILE = "$(SRCROOT)/Reporters/Supporting Files/Info.plist";
				IPHONEOS_DEPLOYMENT_TARGET = 11.0;
				LD_RUNPATH_SEARCH_PATHS = (
					"$(inherited)",
					"@executable_path/Frameworks",
				);
				MARKETING_VERSION = 1.0;
				PRODUCT_BUNDLE_IDENTIFIER = com.goask.reporter;
				PRODUCT_NAME = "$(TARGET_NAME)";
				SWIFT_VERSION = 5.0;
				TARGETED_DEVICE_FAMILY = 1;
			};
			name = Debug;
		};
		F36B68B7241C3D3600D91162 /* Release */ = {
			isa = XCBuildConfiguration;
			baseConfigurationReference = 5D16DB66415E3E3BA47CAE7A /* Pods-Reporters.release.xcconfig */;
			buildSettings = {
				ASSETCATALOG_COMPILER_APPICON_NAME = AppIcon;
				CODE_SIGN_ENTITLEMENTS = Reporters/Reporters.entitlements;
				CODE_SIGN_STYLE = Automatic;
				CURRENT_PROJECT_VERSION = 1;
				DEVELOPMENT_ASSET_PATHS = "";
				DEVELOPMENT_TEAM = YV49H67XCX;
				ENABLE_PREVIEWS = YES;
				INFOPLIST_FILE = "$(SRCROOT)/Reporters/Supporting Files/Info.plist";
				IPHONEOS_DEPLOYMENT_TARGET = 11.0;
				LD_RUNPATH_SEARCH_PATHS = (
					"$(inherited)",
					"@executable_path/Frameworks",
				);
				MARKETING_VERSION = 1.0;
				PRODUCT_BUNDLE_IDENTIFIER = com.goask.reporter;
				PRODUCT_NAME = "$(TARGET_NAME)";
				SWIFT_VERSION = 5.0;
				TARGETED_DEVICE_FAMILY = 1;
			};
			name = Release;
		};
/* End XCBuildConfiguration section */

/* Begin XCConfigurationList section */
		F36B689C241C3D3400D91162 /* Build configuration list for PBXProject "Reporters" */ = {
			isa = XCConfigurationList;
			buildConfigurations = (
				F36B68B3241C3D3600D91162 /* Debug */,
				F36B68B4241C3D3600D91162 /* Release */,
			);
			defaultConfigurationIsVisible = 0;
			defaultConfigurationName = Release;
		};
		F36B68B5241C3D3600D91162 /* Build configuration list for PBXNativeTarget "Reporters" */ = {
			isa = XCConfigurationList;
			buildConfigurations = (
				F36B68B6241C3D3600D91162 /* Debug */,
				F36B68B7241C3D3600D91162 /* Release */,
			);
			defaultConfigurationIsVisible = 0;
			defaultConfigurationName = Release;
		};
/* End XCConfigurationList section */

/* Begin XCVersionGroup section */
		F30AC6212439F0E200CEA545 /* CoreData.xcdatamodeld */ = {
			isa = XCVersionGroup;
			children = (
				F30AC6222439F0E200CEA545 /* CoreData.xcdatamodel */,
			);
			currentVersion = F30AC6222439F0E200CEA545 /* CoreData.xcdatamodel */;
			path = CoreData.xcdatamodeld;
			sourceTree = "<group>";
			versionGroupType = wrapper.xcdatamodel;
		};
/* End XCVersionGroup section */
	};
	rootObject = F36B6899241C3D3400D91162 /* Project object */;
}
